
Microsoft Visual Studio Solution File, Format Version 12.00
# Visual Studio Version 16
VisualStudioVersion = 16.0.29709.97
MinimumVisualStudioVersion = 10.0.40219.1
Project("{FAE04EC0-301F-11D3-BF4B-00C04F79EFBC}") = "ImageClassificationTest", "ImageClassificationTest.csproj", "{C5DF9F06-D683-4543-8FAD-5E505FDC7CDD}"
EndProject
Global
	GlobalSection(SolutionConfigurationPlatforms) = preSolution
		Debug|Any CPU = Debug|Any CPU
		Release|Any CPU = Release|Any CPU
	EndGlobalSection
	GlobalSection(ProjectConfigurationPlatforms) = postSolution
		{C5DF9F06-D683-4543-8FAD-5E505FDC7CDD}.Debug|Any CPU.ActiveCfg = Debug|Any CPU
		{C5DF9F06-D683-4543-8FAD-5E505FDC7CDD}.Debug|Any CPU.Build.0 = Debug|Any CPU
		{C5DF9F06-D683-4543-8FAD-5E505FDC7CDD}.Release|Any CPU.ActiveCfg = Release|Any CPU
		{C5DF9F06-D683-4543-8FAD-5E505FDC7CDD}.Release|Any CPU.Build.0 = Release|Any CPU
	EndGlobalSection
	GlobalSection(SolutionProperties) = preSolution
		HideSolutionNode = FALSE
	EndGlobalSection
	GlobalSection(ExtensibilityGlobals) = postSolution
		SolutionGuid = {6D775F22-F45A-446D-829A-91DE121CBDDA}
	EndGlobalSection
EndGlobal
