
Microsoft Visual Studio Solution File, Format Version 12.00
# Visual Studio Version 16
VisualStudioVersion = 16.0.29709.97
MinimumVisualStudioVersion = 10.0.40219.1
Project("{FAE04EC0-301F-11D3-BF4B-00C04F79EFBC}") = "ImageClassificationTrain", "ImageClassificationTrain.csproj", "{FDF5189E-BAD0-4D91-A92B-E5B8CFAB7386}"
EndProject
Global
	GlobalSection(SolutionConfigurationPlatforms) = preSolution
		Debug|Any CPU = Debug|Any CPU
		Release|Any CPU = Release|Any CPU
	EndGlobalSection
	GlobalSection(ProjectConfigurationPlatforms) = postSolution
		{FDF5189E-BAD0-4D91-A92B-E5B8CFAB7386}.Debug|Any CPU.ActiveCfg = Debug|Any CPU
		{FDF5189E-BAD0-4D91-A92B-E5B8CFAB7386}.Debug|Any CPU.Build.0 = Debug|Any CPU
		{FDF5189E-BAD0-4D91-A92B-E5B8CFAB7386}.Release|Any CPU.ActiveCfg = Release|Any CPU
		{FDF5189E-BAD0-4D91-A92B-E5B8CFAB7386}.Release|Any CPU.Build.0 = Release|Any CPU
	EndGlobalSection
	GlobalSection(SolutionProperties) = preSolution
		HideSolutionNode = FALSE
	EndGlobalSection
	GlobalSection(ExtensibilityGlobals) = postSolution
		SolutionGuid = {D522E61A-A0A0-4C55-9287-8E5DBD5817FC}
	EndGlobalSection
EndGlobal
